
Microsoft Visual Studio Solution File, Format Version 12.00
# Visual Studio Version 17
VisualStudioVersion = 17.7.34202.233
MinimumVisualStudioVersion = 10.0.40219.1
Project("{FAE04EC0-301F-11D3-BF4B-00C04F79EFBC}") = "cataract", "cataract\cataract.csproj", "{818EFF8E-8788-4D90-B590-00FBF023C895}"
EndProject
Global
	GlobalSection(SolutionConfigurationPlatforms) = preSolution
		Debug|Any CPU = Debug|Any CPU
		Release|Any CPU = Release|Any CPU
	EndGlobalSection
	GlobalSection(ProjectConfigurationPlatforms) = postSolution
		{818EFF8E-8788-4D90-B590-00FBF023C895}.Debug|Any CPU.ActiveCfg = Debug|Any CPU
		{818EFF8E-8788-4D90-B590-00FBF023C895}.Debug|Any CPU.Build.0 = Debug|Any CPU
		{818EFF8E-8788-4D90-B590-00FBF023C895}.Release|Any CPU.ActiveCfg = Release|Any CPU
		{818EFF8E-8788-4D90-B590-00FBF023C895}.Release|Any CPU.Build.0 = Release|Any CPU
	EndGlobalSection
	GlobalSection(SolutionProperties) = preSolution
		HideSolutionNode = FALSE
	EndGlobalSection
	GlobalSection(ExtensibilityGlobals) = postSolution
		SolutionGuid = {24C7E2F7-1B63-4D44-B8BF-DA4532B9A1E6}
	EndGlobalSection
EndGlobal
